
Microsoft Visual Studio Solution File, Format Version 12.00
# Visual Studio Version 17
VisualStudioVersion = 17.5.002.0
MinimumVisualStudioVersion = 10.0.40219.1
Project("{9A19103F-16F7-4668-BE54-9A1E7A4F7556}") = "AppAvaloniaMvvmBasicBinding", "AppAvaloniaMvvmBasicBinding.csproj", "{733691D4-1A6B-44E3-8E2B-3E68D95878ED}"
EndProject
Global
	GlobalSection(SolutionConfigurationPlatforms) = preSolution
		Debug|Any CPU = Debug|Any CPU
		Release|Any CPU = Release|Any CPU
	EndGlobalSection
	GlobalSection(ProjectConfigurationPlatforms) = postSolution
		{733691D4-1A6B-44E3-8E2B-3E68D95878ED}.Debug|Any CPU.ActiveCfg = Debug|Any CPU
		{733691D4-1A6B-44E3-8E2B-3E68D95878ED}.Debug|Any CPU.Build.0 = Debug|Any CPU
		{733691D4-1A6B-44E3-8E2B-3E68D95878ED}.Release|Any CPU.ActiveCfg = Release|Any CPU
		{733691D4-1A6B-44E3-8E2B-3E68D95878ED}.Release|Any CPU.Build.0 = Release|Any CPU
	EndGlobalSection
	GlobalSection(SolutionProperties) = preSolution
		HideSolutionNode = FALSE
	EndGlobalSection
	GlobalSection(ExtensibilityGlobals) = postSolution
		SolutionGuid = {C4926914-11A4-4414-BEBD-BECD54D50CBB}
	EndGlobalSection
EndGlobal
